
Microsoft Visual Studio Solution File, Format Version 12.00
# Visual Studio Version 16
VisualStudioVersion = 16.0.30517.126
MinimumVisualStudioVersion = 10.0.40219.1
Project("{FAE04EC0-301F-11D3-BF4B-00C04F79EFBC}") = "Hrm", "Hrm\Hrm.csproj", "{2961ED5C-45FC-42D0-8809-00C2FCFDADDA}"
EndProject
Global
	GlobalSection(SolutionConfigurationPlatforms) = preSolution
		Debug|Any CPU = Debug|Any CPU
		Release|Any CPU = Release|Any CPU
	EndGlobalSection
	GlobalSection(ProjectConfigurationPlatforms) = postSolution
		{2961ED5C-45FC-42D0-8809-00C2FCFDADDA}.Debug|Any CPU.ActiveCfg = Debug|Any CPU
		{2961ED5C-45FC-42D0-8809-00C2FCFDADDA}.Debug|Any CPU.Build.0 = Debug|Any CPU
		{2961ED5C-45FC-42D0-8809-00C2FCFDADDA}.Release|Any CPU.ActiveCfg = Release|Any CPU
		{2961ED5C-45FC-42D0-8809-00C2FCFDADDA}.Release|Any CPU.Build.0 = Release|Any CPU
	EndGlobalSection
	GlobalSection(SolutionProperties) = preSolution
		HideSolutionNode = FALSE
	EndGlobalSection
	GlobalSection(ExtensibilityGlobals) = postSolution
		SolutionGuid = {5C043A4C-FF85-4EDA-B88F-6A86CDF4F359}
	EndGlobalSection
EndGlobal
